// !$*UTF8*$!
{
	archiveVersion = 1;
	classes = {
	};
	objectVersion = 46;
	objects = {

/* Begin PBXBuildFile section */
		4A07C6741C0C7FE5003E0FB9 /* MyFoodsParser.m in Sources */ = {isa = PBXBuildFile; fileRef = 4A07C6731C0C7FE5003E0FB9 /* MyFoodsParser.m */; };
		4A07C6771C0C822C003E0FB9 /* TakeTableParser.m in Sources */ = {isa = PBXBuildFile; fileRef = 4A07C6761C0C822C003E0FB9 /* TakeTableParser.m */; };
		4A07C67A1C0C8843003E0FB9 /* CompareTableCodeParser.m in Sources */ = {isa = PBXBuildFile; fileRef = 4A07C6791C0C8843003E0FB9 /* CompareTableCodeParser.m */; };
		4A07C67D1C0C8CC5003E0FB9 /* AddToOrderParser.m in Sources */ = {isa = PBXBuildFile; fileRef = 4A07C67C1C0C8CC5003E0FB9 /* AddToOrderParser.m */; };
		4A18521B1BE7CD0D00AF495F /* main.m in Sources */ = {isa = PBXBuildFile; fileRef = 4A18521A1BE7CD0D00AF495F /* main.m */; };
		4A18521E1BE7CD0D00AF495F /* AppDelegate.m in Sources */ = {isa = PBXBuildFile; fileRef = 4A18521D1BE7CD0D00AF495F /* AppDelegate.m */; };
		4A1852211BE7CD0D00AF495F /* PlacesVC.m in Sources */ = {isa = PBXBuildFile; fileRef = 4A1852201BE7CD0D00AF495F /* PlacesVC.m */; };
		4A1852271BE7CD0D00AF495F /* Main.storyboard in Resources */ = {isa = PBXBuildFile; fileRef = 4A1852251BE7CD0D00AF495F /* Main.storyboard */; };
		4A1852291BE7CD0D00AF495F /* Assets.xcassets in Resources */ = {isa = PBXBuildFile; fileRef = 4A1852281BE7CD0D00AF495F /* Assets.xcassets */; };
		4A18522C1BE7CD0D00AF495F /* LaunchScreen.storyboard in Resources */ = {isa = PBXBuildFile; fileRef = 4A18522A1BE7CD0D00AF495F /* LaunchScreen.storyboard */; };
		4A1852631BE7CFBF00AF495F /* HCSStarRatingView.m in Sources */ = {isa = PBXBuildFile; fileRef = 4A1852541BE7CFBF00AF495F /* HCSStarRatingView.m */; };
		4A1852641BE7CFBF00AF495F /* MBProgressHUD.m in Sources */ = {isa = PBXBuildFile; fileRef = 4A1852571BE7CFBF00AF495F /* MBProgressHUD.m */; };
		4A1852C51BE7DA2E00AF495F /* AFHTTPClient.m in Sources */ = {isa = PBXBuildFile; fileRef = 4A1852B01BE7DA2E00AF495F /* AFHTTPClient.m */; };
		4A1852C61BE7DA2E00AF495F /* AFHTTPRequestOperation.m in Sources */ = {isa = PBXBuildFile; fileRef = 4A1852B21BE7DA2E00AF495F /* AFHTTPRequestOperation.m */; };
		4A1852C71BE7DA2E00AF495F /* AFImageRequestOperation.m in Sources */ = {isa = PBXBuildFile; fileRef = 4A1852B41BE7DA2E00AF495F /* AFImageRequestOperation.m */; };
		4A1852C81BE7DA2E00AF495F /* AFJSONRequestOperation.m in Sources */ = {isa = PBXBuildFile; fileRef = 4A1852B61BE7DA2E00AF495F /* AFJSONRequestOperation.m */; };
		4A1852C91BE7DA2E00AF495F /* AFNetworkActivityIndicatorManager.m in Sources */ = {isa = PBXBuildFile; fileRef = 4A1852B81BE7DA2E00AF495F /* AFNetworkActivityIndicatorManager.m */; };
		4A1852CA1BE7DA2E00AF495F /* AFPropertyListRequestOperation.m in Sources */ = {isa = PBXBuildFile; fileRef = 4A1852BB1BE7DA2E00AF495F /* AFPropertyListRequestOperation.m */; };
		4A1852CB1BE7DA2E00AF495F /* AFURLConnectionOperation.m in Sources */ = {isa = PBXBuildFile; fileRef = 4A1852BD1BE7DA2E00AF495F /* AFURLConnectionOperation.m */; };
		4A1852CC1BE7DA2E00AF495F /* AFXMLRequestOperation.m in Sources */ = {isa = PBXBuildFile; fileRef = 4A1852BF1BE7DA2E00AF495F /* AFXMLRequestOperation.m */; };
		4A1852CD1BE7DA2E00AF495F /* LAbstractAFDataSource.m in Sources */ = {isa = PBXBuildFile; fileRef = 4A1852C11BE7DA2E00AF495F /* LAbstractAFDataSource.m */; };
		4A1852CE1BE7DA2E00AF495F /* UIImageView+AFNetworking.m in Sources */ = {isa = PBXBuildFile; fileRef = 4A1852C41BE7DA2E00AF495F /* UIImageView+AFNetworking.m */; };
		4A1852D31BE7DA8600AF495F /* MainNetworkingDataSource.m in Sources */ = {isa = PBXBuildFile; fileRef = 4A1852D01BE7DA8600AF495F /* MainNetworkingDataSource.m */; };
		4A1852D41BE7DA8600AF495F /* PlaceListParser.m in Sources */ = {isa = PBXBuildFile; fileRef = 4A1852D21BE7DA8600AF495F /* PlaceListParser.m */; };
		4A1852E21BE7DA9200AF495F /* CDataScanner_Extensions.m in Sources */ = {isa = PBXBuildFile; fileRef = 4A1852D61BE7DA9200AF495F /* CDataScanner_Extensions.m */; settings = {COMPILER_FLAGS = "-fno-objc-arc"; }; };
		4A1852E31BE7DA9200AF495F /* CDataScanner.m in Sources */ = {isa = PBXBuildFile; fileRef = 4A1852D81BE7DA9200AF495F /* CDataScanner.m */; settings = {COMPILER_FLAGS = "-fno-objc-arc"; }; };
		4A1852E41BE7DA9200AF495F /* CJSONDeserializer.m in Sources */ = {isa = PBXBuildFile; fileRef = 4A1852DA1BE7DA9200AF495F /* CJSONDeserializer.m */; settings = {COMPILER_FLAGS = "-fno-objc-arc"; }; };
		4A1852E51BE7DA9200AF495F /* CJSONScanner.m in Sources */ = {isa = PBXBuildFile; fileRef = 4A1852DC1BE7DA9200AF495F /* CJSONScanner.m */; settings = {COMPILER_FLAGS = "-fno-objc-arc"; }; };
		4A1852E61BE7DA9200AF495F /* CJSONSerializer.m in Sources */ = {isa = PBXBuildFile; fileRef = 4A1852DE1BE7DA9200AF495F /* CJSONSerializer.m */; settings = {COMPILER_FLAGS = "-fno-objc-arc"; }; };
		4A1852E71BE7DA9200AF495F /* NSDictionary_JSONExtensions.m in Sources */ = {isa = PBXBuildFile; fileRef = 4A1852E11BE7DA9200AF495F /* NSDictionary_JSONExtensions.m */; };
		4A1852EA1BE9100A00AF495F /* XPModel.m in Sources */ = {isa = PBXBuildFile; fileRef = 4A1852E91BE9100A00AF495F /* XPModel.m */; };
		4A1852ED1BE9151700AF495F /* AFNetworkReachabilityManager.m in Sources */ = {isa = PBXBuildFile; fileRef = 4A1852EC1BE9151700AF495F /* AFNetworkReachabilityManager.m */; };
		4A1852F01BE9173E00AF495F /* Cafe.m in Sources */ = {isa = PBXBuildFile; fileRef = 4A1852EF1BE9173E00AF495F /* Cafe.m */; };
		4A1852F61BE9289900AF495F /* PlaceCell.m in Sources */ = {isa = PBXBuildFile; fileRef = 4A1852F41BE9289900AF495F /* PlaceCell.m */; };
		4A1852F71BE9289900AF495F /* PlaceCell.xib in Resources */ = {isa = PBXBuildFile; fileRef = 4A1852F51BE9289900AF495F /* PlaceCell.xib */; };
		4AA91B3C1C0386F1001F31BD /* CreateReservationRequest.m in Sources */ = {isa = PBXBuildFile; fileRef = 4AA91B3B1C0386F1001F31BD /* CreateReservationRequest.m */; };
		4ABFCF2A1BEF9DCC00987B79 /* CafeReviewButton.m in Sources */ = {isa = PBXBuildFile; fileRef = 4ABFCF291BEF9DCC00987B79 /* CafeReviewButton.m */; };
		4ABFCF311BF2496E00987B79 /* TablesParser.m in Sources */ = {isa = PBXBuildFile; fileRef = 4ABFCF301BF2496E00987B79 /* TablesParser.m */; };
		4ABFCF341BF24FC800987B79 /* Table.m in Sources */ = {isa = PBXBuildFile; fileRef = 4ABFCF331BF24FC800987B79 /* Table.m */; };
		4ABFCF371BF250A300987B79 /* SetReviewParser.m in Sources */ = {isa = PBXBuildFile; fileRef = 4ABFCF361BF250A300987B79 /* SetReviewParser.m */; };
		4AE8AE361C0C4811006BB91F /* CheckReservationParser.m in Sources */ = {isa = PBXBuildFile; fileRef = 4AE8AE351C0C4811006BB91F /* CheckReservationParser.m */; };
		4AE8AE391C0C4C45006BB91F /* ReservationCheck.m in Sources */ = {isa = PBXBuildFile; fileRef = 4AE8AE381C0C4C45006BB91F /* ReservationCheck.m */; };
		4AE8AE3C1C0C4E70006BB91F /* CheckTableCodeParser.m in Sources */ = {isa = PBXBuildFile; fileRef = 4AE8AE3B1C0C4E70006BB91F /* CheckTableCodeParser.m */; };
		4AE8AE3F1C0C558C006BB91F /* TableAccess.m in Sources */ = {isa = PBXBuildFile; fileRef = 4AE8AE3E1C0C558C006BB91F /* TableAccess.m */; };
		4AE8AE421C0C61D4006BB91F /* CallWaitressParser.m in Sources */ = {isa = PBXBuildFile; fileRef = 4AE8AE411C0C61D4006BB91F /* CallWaitressParser.m */; };
		4AE8AE451C0C647C006BB91F /* CategoryFoodsParser.m in Sources */ = {isa = PBXBuildFile; fileRef = 4AE8AE441C0C647C006BB91F /* CategoryFoodsParser.m */; };
		4AE8AE4A1C0C6534006BB91F /* CategoryModel.m in Sources */ = {isa = PBXBuildFile; fileRef = 4AE8AE471C0C6534006BB91F /* CategoryModel.m */; };
		4AE8AE4B1C0C6534006BB91F /* FoodModel.m in Sources */ = {isa = PBXBuildFile; fileRef = 4AE8AE491C0C6534006BB91F /* FoodModel.m */; };
		BD4E11291C48581500C71DD4 /* XPUtils.m in Sources */ = {isa = PBXBuildFile; fileRef = BD4E11281C48581500C71DD4 /* XPUtils.m */; };
		BD4E11341C48613D00C71DD4 /* ReviewVC.m in Sources */ = {isa = PBXBuildFile; fileRef = BD4E11321C48613D00C71DD4 /* ReviewVC.m */; };
		BD4E11351C48613D00C71DD4 /* ReviewVC.xib in Resources */ = {isa = PBXBuildFile; fileRef = BD4E11331C48613D00C71DD4 /* ReviewVC.xib */; };
		BD4E11391C48655700C71DD4 /* HistoryVC.m in Sources */ = {isa = PBXBuildFile; fileRef = BD4E11371C48655700C71DD4 /* HistoryVC.m */; };
		BD4E113A1C48655700C71DD4 /* HistoryVC.xib in Resources */ = {isa = PBXBuildFile; fileRef = BD4E11381C48655700C71DD4 /* HistoryVC.xib */; };
		BD4E113E1C48661200C71DD4 /* ReserveTableVC.m in Sources */ = {isa = PBXBuildFile; fileRef = BD4E113C1C48661200C71DD4 /* ReserveTableVC.m */; };
		BD4E113F1C48661200C71DD4 /* ReserveTableVC.xib in Resources */ = {isa = PBXBuildFile; fileRef = BD4E113D1C48661200C71DD4 /* ReserveTableVC.xib */; };
		BD8242FD1C44574F00444831 /* TableReservedPopUp.m in Sources */ = {isa = PBXBuildFile; fileRef = BD8242F91C44574F00444831 /* TableReservedPopUp.m */; };
		BD8242FE1C44574F00444831 /* TableReservedPopUp.xib in Resources */ = {isa = PBXBuildFile; fileRef = BD8242FA1C44574F00444831 /* TableReservedPopUp.xib */; };
		BD8242FF1C44574F00444831 /* TableSelectionVC.m in Sources */ = {isa = PBXBuildFile; fileRef = BD8242FC1C44574F00444831 /* TableSelectionVC.m */; };
		BD8243011C4457B900444831 /* TableSelectionVC.xib in Resources */ = {isa = PBXBuildFile; fileRef = BD8243001C4457B900444831 /* TableSelectionVC.xib */; };
		BD8243041C4461E200444831 /* TableMakeReservationPopUp.m in Sources */ = {isa = PBXBuildFile; fileRef = BD8243031C4461E200444831 /* TableMakeReservationPopUp.m */; };
		BD8243061C4461F500444831 /* TableMakeReservationPopUp.xib in Resources */ = {isa = PBXBuildFile; fileRef = BD8243051C4461F500444831 /* TableMakeReservationPopUp.xib */; };
		BD82430A1C4462A800444831 /* BaseViewController.m in Sources */ = {isa = PBXBuildFile; fileRef = BD8243091C4462A800444831 /* BaseViewController.m */; };
		BD82430D1C4462CC00444831 /* BasePopUp.m in Sources */ = {isa = PBXBuildFile; fileRef = BD82430C1C4462CC00444831 /* BasePopUp.m */; };
		BD8243121C44663300444831 /* TableSelectionCell.m in Sources */ = {isa = PBXBuildFile; fileRef = BD8243101C44663300444831 /* TableSelectionCell.m */; };
		BD8243131C44663300444831 /* TableSelectionCell.xib in Resources */ = {isa = PBXBuildFile; fileRef = BD8243111C44663300444831 /* TableSelectionCell.xib */; };
		BD82431B1C44665F00444831 /* ProductCell.m in Sources */ = {isa = PBXBuildFile; fileRef = BD8243161C44665F00444831 /* ProductCell.m */; };
		BD82431C1C44665F00444831 /* ProductCell.xib in Resources */ = {isa = PBXBuildFile; fileRef = BD8243171C44665F00444831 /* ProductCell.xib */; };
		BD82431D1C44665F00444831 /* ProductGroupCell.m in Sources */ = {isa = PBXBuildFile; fileRef = BD8243191C44665F00444831 /* ProductGroupCell.m */; };
		BD82431E1C44665F00444831 /* ProductGroupCell.xib in Resources */ = {isa = PBXBuildFile; fileRef = BD82431A1C44665F00444831 /* ProductGroupCell.xib */; };
		BD8243221C4466AB00444831 /* LogoCenterCell.m in Sources */ = {isa = PBXBuildFile; fileRef = BD8243201C4466AB00444831 /* LogoCenterCell.m */; };
		BD8243231C4466AB00444831 /* LogoCenterCell.xib in Resources */ = {isa = PBXBuildFile; fileRef = BD8243211C4466AB00444831 /* LogoCenterCell.xib */; };
		BD8243271C44678D00444831 /* ClientDetailCell.m in Sources */ = {isa = PBXBuildFile; fileRef = BD8243251C44678D00444831 /* ClientDetailCell.m */; };
		BD8243281C44678D00444831 /* ClientDetailCell.xib in Resources */ = {isa = PBXBuildFile; fileRef = BD8243261C44678D00444831 /* ClientDetailCell.xib */; };
		BD82432C1C44691A00444831 /* ReservationDateCell.m in Sources */ = {isa = PBXBuildFile; fileRef = BD82432A1C44691A00444831 /* ReservationDateCell.m */; };
		BD82432D1C44691A00444831 /* ReservationDateCell.xib in Resources */ = {isa = PBXBuildFile; fileRef = BD82432B1C44691A00444831 /* ReservationDateCell.xib */; };
		BD8243311C446A9200444831 /* ReservationTimeCell.m in Sources */ = {isa = PBXBuildFile; fileRef = BD82432F1C446A9200444831 /* ReservationTimeCell.m */; };
		BD8243321C446A9200444831 /* ReservationTimeCell.xib in Resources */ = {isa = PBXBuildFile; fileRef = BD8243301C446A9200444831 /* ReservationTimeCell.xib */; };
		BDC951961BFF27080050D80C /* ProductSelectionVC.m in Sources */ = {isa = PBXBuildFile; fileRef = BDC951941BFF27080050D80C /* ProductSelectionVC.m */; };
		BDC951971BFF27080050D80C /* ProductSelectionVC.xib in Resources */ = {isa = PBXBuildFile; fileRef = BDC951951BFF27080050D80C /* ProductSelectionVC.xib */; };
		BDE2FC2A1BFA62EE007C9354 /* TableViewDetailVC.m in Sources */ = {isa = PBXBuildFile; fileRef = BDE2FC281BFA62EE007C9354 /* TableViewDetailVC.m */; };
		BDE2FC2B1BFA62EE007C9354 /* TableViewDetailVC.xib in Resources */ = {isa = PBXBuildFile; fileRef = BDE2FC291BFA62EE007C9354 /* TableViewDetailVC.xib */; };
		BDE2FC351BFA7845007C9354 /* DWBubbleMenuButton.m in Sources */ = {isa = PBXBuildFile; fileRef = BDE2FC341BFA7845007C9354 /* DWBubbleMenuButton.m */; };
/* End PBXBuildFile section */

/* Begin PBXFileReference section */
		4A07C6721C0C7FE5003E0FB9 /* MyFoodsParser.h */ = {isa = PBXFileReference; fileEncoding = 4; lastKnownFileType = sourcecode.c.h; path = MyFoodsParser.h; sourceTree = "<group>"; };
		4A07C6731C0C7FE5003E0FB9 /* MyFoodsParser.m */ = {isa = PBXFileReference; fileEncoding = 4; lastKnownFileType = sourcecode.c.objc; path = MyFoodsParser.m; sourceTree = "<group>"; };
		4A07C6751C0C822C003E0FB9 /* TakeTableParser.h */ = {isa = PBXFileReference; fileEncoding = 4; lastKnownFileType = sourcecode.c.h; path = TakeTableParser.h; sourceTree = "<group>"; };
		4A07C6761C0C822C003E0FB9 /* TakeTableParser.m */ = {isa = PBXFileReference; fileEncoding = 4; lastKnownFileType = sourcecode.c.objc; path = TakeTableParser.m; sourceTree = "<group>"; };
		4A07C6781C0C8843003E0FB9 /* CompareTableCodeParser.h */ = {isa = PBXFileReference; fileEncoding = 4; lastKnownFileType = sourcecode.c.h; path = CompareTableCodeParser.h; sourceTree = "<group>"; };
		4A07C6791C0C8843003E0FB9 /* CompareTableCodeParser.m */ = {isa = PBXFileReference; fileEncoding = 4; lastKnownFileType = sourcecode.c.objc; path = CompareTableCodeParser.m; sourceTree = "<group>"; };
		4A07C67B1C0C8CC5003E0FB9 /* AddToOrderParser.h */ = {isa = PBXFileReference; fileEncoding = 4; lastKnownFileType = sourcecode.c.h; path = AddToOrderParser.h; sourceTree = "<group>"; };
		4A07C67C1C0C8CC5003E0FB9 /* AddToOrderParser.m */ = {isa = PBXFileReference; fileEncoding = 4; lastKnownFileType = sourcecode.c.objc; path = AddToOrderParser.m; sourceTree = "<group>"; };
		4A1852161BE7CD0D00AF495F /* Xpress Order.app */ = {isa = PBXFileReference; explicitFileType = wrapper.application; includeInIndex = 0; path = "Xpress Order.app"; sourceTree = BUILT_PRODUCTS_DIR; };
		4A18521A1BE7CD0D00AF495F /* main.m */ = {isa = PBXFileReference; lastKnownFileType = sourcecode.c.objc; path = main.m; sourceTree = "<group>"; };
		4A18521C1BE7CD0D00AF495F /* AppDelegate.h */ = {isa = PBXFileReference; lastKnownFileType = sourcecode.c.h; path = AppDelegate.h; sourceTree = "<group>"; };
		4A18521D1BE7CD0D00AF495F /* AppDelegate.m */ = {isa = PBXFileReference; lastKnownFileType = sourcecode.c.objc; path = AppDelegate.m; sourceTree = "<group>"; };
		4A18521F1BE7CD0D00AF495F /* PlacesVC.h */ = {isa = PBXFileReference; lastKnownFileType = sourcecode.c.h; name = PlacesVC.h; path = ../PlacesVC.h; sourceTree = "<group>"; };
		4A1852201BE7CD0D00AF495F /* PlacesVC.m */ = {isa = PBXFileReference; lastKnownFileType = sourcecode.c.objc; name = PlacesVC.m; path = ../PlacesVC.m; sourceTree = "<group>"; };
		4A1852261BE7CD0D00AF495F /* Base */ = {isa = PBXFileReference; lastKnownFileType = file.storyboard; name = Base; path = Base.lproj/Main.storyboard; sourceTree = "<group>"; };
		4A1852281BE7CD0D00AF495F /* Assets.xcassets */ = {isa = PBXFileReference; lastKnownFileType = folder.assetcatalog; path = Assets.xcassets; sourceTree = "<group>"; };
		4A18522B1BE7CD0D00AF495F /* Base */ = {isa = PBXFileReference; lastKnownFileType = file.storyboard; name = Base; path = Base.lproj/LaunchScreen.storyboard; sourceTree = "<group>"; };
		4A18522D1BE7CD0D00AF495F /* Info.plist */ = {isa = PBXFileReference; lastKnownFileType = text.plist.xml; path = Info.plist; sourceTree = "<group>"; };
		4A1852331BE7CD7000AF495F /* PrefixHeader.pch */ = {isa = PBXFileReference; fileEncoding = 4; lastKnownFileType = sourcecode.c.h; path = PrefixHeader.pch; sourceTree = "<group>"; };
		4A1852531BE7CFBF00AF495F /* HCSStarRatingView.h */ = {isa = PBXFileReference; fileEncoding = 4; lastKnownFileType = sourcecode.c.h; path = HCSStarRatingView.h; sourceTree = "<group>"; };
		4A1852541BE7CFBF00AF495F /* HCSStarRatingView.m */ = {isa = PBXFileReference; fileEncoding = 4; lastKnownFileType = sourcecode.c.objc; path = HCSStarRatingView.m; sourceTree = "<group>"; };
		4A1852561BE7CFBF00AF495F /* MBProgressHUD.h */ = {isa = PBXFileReference; fileEncoding = 4; lastKnownFileType = sourcecode.c.h; path = MBProgressHUD.h; sourceTree = "<group>"; };
		4A1852571BE7CFBF00AF495F /* MBProgressHUD.m */ = {isa = PBXFileReference; fileEncoding = 4; lastKnownFileType = sourcecode.c.objc; path = MBProgressHUD.m; sourceTree = "<group>"; };
		4A1852AF1BE7DA2E00AF495F /* AFHTTPClient.h */ = {isa = PBXFileReference; fileEncoding = 4; lastKnownFileType = sourcecode.c.h; path = AFHTTPClient.h; sourceTree = "<group>"; };
		4A1852B01BE7DA2E00AF495F /* AFHTTPClient.m */ = {isa = PBXFileReference; fileEncoding = 4; lastKnownFileType = sourcecode.c.objc; path = AFHTTPClient.m; sourceTree = "<group>"; };
		4A1852B11BE7DA2E00AF495F /* AFHTTPRequestOperation.h */ = {isa = PBXFileReference; fileEncoding = 4; lastKnownFileType = sourcecode.c.h; path = AFHTTPRequestOperation.h; sourceTree = "<group>"; };
		4A1852B21BE7DA2E00AF495F /* AFHTTPRequestOperation.m */ = {isa = PBXFileReference; fileEncoding = 4; lastKnownFileType = sourcecode.c.objc; path = AFHTTPRequestOperation.m; sourceTree = "<group>"; };
		4A1852B31BE7DA2E00AF495F /* AFImageRequestOperation.h */ = {isa = PBXFileReference; fileEncoding = 4; lastKnownFileType = sourcecode.c.h; path = AFImageRequestOperation.h; sourceTree = "<group>"; };
		4A1852B41BE7DA2E00AF495F /* AFImageRequestOperation.m */ = {isa = PBXFileReference; fileEncoding = 4; lastKnownFileType = sourcecode.c.objc; path = AFImageRequestOperation.m; sourceTree = "<group>"; };
		4A1852B51BE7DA2E00AF495F /* AFJSONRequestOperation.h */ = {isa = PBXFileReference; fileEncoding = 4; lastKnownFileType = sourcecode.c.h; path = AFJSONRequestOperation.h; sourceTree = "<group>"; };
		4A1852B61BE7DA2E00AF495F /* AFJSONRequestOperation.m */ = {isa = PBXFileReference; fileEncoding = 4; lastKnownFileType = sourcecode.c.objc; path = AFJSONRequestOperation.m; sourceTree = "<group>"; };
		4A1852B71BE7DA2E00AF495F /* AFNetworkActivityIndicatorManager.h */ = {isa = PBXFileReference; fileEncoding = 4; lastKnownFileType = sourcecode.c.h; path = AFNetworkActivityIndicatorManager.h; sourceTree = "<group>"; };
		4A1852B81BE7DA2E00AF495F /* AFNetworkActivityIndicatorManager.m */ = {isa = PBXFileReference; fileEncoding = 4; lastKnownFileType = sourcecode.c.objc; path = AFNetworkActivityIndicatorManager.m; sourceTree = "<group>"; };
		4A1852B91BE7DA2E00AF495F /* AFNetworking.h */ = {isa = PBXFileReference; fileEncoding = 4; lastKnownFileType = sourcecode.c.h; path = AFNetworking.h; sourceTree = "<group>"; };
		4A1852BA1BE7DA2E00AF495F /* AFPropertyListRequestOperation.h */ = {isa = PBXFileReference; fileEncoding = 4; lastKnownFileType = sourcecode.c.h; path = AFPropertyListRequestOperation.h; sourceTree = "<group>"; };
		4A1852BB1BE7DA2E00AF495F /* AFPropertyListRequestOperation.m */ = {isa = PBXFileReference; fileEncoding = 4; lastKnownFileType = sourcecode.c.objc; path = AFPropertyListRequestOperation.m; sourceTree = "<group>"; };
		4A1852BC1BE7DA2E00AF495F /* AFURLConnectionOperation.h */ = {isa = PBXFileReference; fileEncoding = 4; lastKnownFileType = sourcecode.c.h; path = AFURLConnectionOperation.h; sourceTree = "<group>"; };
		4A1852BD1BE7DA2E00AF495F /* AFURLConnectionOperation.m */ = {isa = PBXFileReference; fileEncoding = 4; lastKnownFileType = sourcecode.c.objc; path = AFURLConnectionOperation.m; sourceTree = "<group>"; };
		4A1852BE1BE7DA2E00AF495F /* AFXMLRequestOperation.h */ = {isa = PBXFileReference; fileEncoding = 4; lastKnownFileType = sourcecode.c.h; path = AFXMLRequestOperation.h; sourceTree = "<group>"; };
		4A1852BF1BE7DA2E00AF495F /* AFXMLRequestOperation.m */ = {isa = PBXFileReference; fileEncoding = 4; lastKnownFileType = sourcecode.c.objc; path = AFXMLRequestOperation.m; sourceTree = "<group>"; };
		4A1852C01BE7DA2E00AF495F /* LAbstractAFDataSource.h */ = {isa = PBXFileReference; fileEncoding = 4; lastKnownFileType = sourcecode.c.h; path = LAbstractAFDataSource.h; sourceTree = "<group>"; };
		4A1852C11BE7DA2E00AF495F /* LAbstractAFDataSource.m */ = {isa = PBXFileReference; fileEncoding = 4; lastKnownFileType = sourcecode.c.objc; path = LAbstractAFDataSource.m; sourceTree = "<group>"; };
		4A1852C21BE7DA2E00AF495F /* LParserInterface.h */ = {isa = PBXFileReference; fileEncoding = 4; lastKnownFileType = sourcecode.c.h; path = LParserInterface.h; sourceTree = "<group>"; };
		4A1852C31BE7DA2E00AF495F /* UIImageView+AFNetworking.h */ = {isa = PBXFileReference; fileEncoding = 4; lastKnownFileType = sourcecode.c.h; path = "UIImageView+AFNetworking.h"; sourceTree = "<group>"; };
		4A1852C41BE7DA2E00AF495F /* UIImageView+AFNetworking.m */ = {isa = PBXFileReference; fileEncoding = 4; lastKnownFileType = sourcecode.c.objc; path = "UIImageView+AFNetworking.m"; sourceTree = "<group>"; };
		4A1852CF1BE7DA8600AF495F /* MainNetworkingDataSource.h */ = {isa = PBXFileReference; fileEncoding = 4; lastKnownFileType = sourcecode.c.h; path = MainNetworkingDataSource.h; sourceTree = "<group>"; };
		4A1852D01BE7DA8600AF495F /* MainNetworkingDataSource.m */ = {isa = PBXFileReference; fileEncoding = 4; lastKnownFileType = sourcecode.c.objc; path = MainNetworkingDataSource.m; sourceTree = "<group>"; };
		4A1852D11BE7DA8600AF495F /* PlaceListParser.h */ = {isa = PBXFileReference; fileEncoding = 4; lastKnownFileType = sourcecode.c.h; path = PlaceListParser.h; sourceTree = "<group>"; };
		4A1852D21BE7DA8600AF495F /* PlaceListParser.m */ = {isa = PBXFileReference; fileEncoding = 4; lastKnownFileType = sourcecode.c.objc; path = PlaceListParser.m; sourceTree = "<group>"; };
		4A1852D51BE7DA9200AF495F /* CDataScanner_Extensions.h */ = {isa = PBXFileReference; fileEncoding = 4; lastKnownFileType = sourcecode.c.h; path = CDataScanner_Extensions.h; sourceTree = "<group>"; };
		4A1852D61BE7DA9200AF495F /* CDataScanner_Extensions.m */ = {isa = PBXFileReference; fileEncoding = 4; lastKnownFileType = sourcecode.c.objc; path = CDataScanner_Extensions.m; sourceTree = "<group>"; };
		4A1852D71BE7DA9200AF495F /* CDataScanner.h */ = {isa = PBXFileReference; fileEncoding = 4; lastKnownFileType = sourcecode.c.h; path = CDataScanner.h; sourceTree = "<group>"; };
		4A1852D81BE7DA9200AF495F /* CDataScanner.m */ = {isa = PBXFileReference; fileEncoding = 4; lastKnownFileType = sourcecode.c.objc; path = CDataScanner.m; sourceTree = "<group>"; };
		4A1852D91BE7DA9200AF495F /* CJSONDeserializer.h */ = {isa = PBXFileReference; fileEncoding = 4; lastKnownFileType = sourcecode.c.h; path = CJSONDeserializer.h; sourceTree = "<group>"; };
		4A1852DA1BE7DA9200AF495F /* CJSONDeserializer.m */ = {isa = PBXFileReference; fileEncoding = 4; lastKnownFileType = sourcecode.c.objc; path = CJSONDeserializer.m; sourceTree = "<group>"; };
		4A1852DB1BE7DA9200AF495F /* CJSONScanner.h */ = {isa = PBXFileReference; fileEncoding = 4; lastKnownFileType = sourcecode.c.h; path = CJSONScanner.h; sourceTree = "<group>"; };
		4A1852DC1BE7DA9200AF495F /* CJSONScanner.m */ = {isa = PBXFileReference; fileEncoding = 4; lastKnownFileType = sourcecode.c.objc; path = CJSONScanner.m; sourceTree = "<group>"; };
		4A1852DD1BE7DA9200AF495F /* CJSONSerializer.h */ = {isa = PBXFileReference; fileEncoding = 4; lastKnownFileType = sourcecode.c.h; path = CJSONSerializer.h; sourceTree = "<group>"; };
		4A1852DE1BE7DA9200AF495F /* CJSONSerializer.m */ = {isa = PBXFileReference; fileEncoding = 4; lastKnownFileType = sourcecode.c.objc; path = CJSONSerializer.m; sourceTree = "<group>"; };
		4A1852DF1BE7DA9200AF495F /* JSONRepresentation.h */ = {isa = PBXFileReference; fileEncoding = 4; lastKnownFileType = sourcecode.c.h; path = JSONRepresentation.h; sourceTree = "<group>"; };
		4A1852E01BE7DA9200AF495F /* NSDictionary_JSONExtensions.h */ = {isa = PBXFileReference; fileEncoding = 4; lastKnownFileType = sourcecode.c.h; path = NSDictionary_JSONExtensions.h; sourceTree = "<group>"; };
		4A1852E11BE7DA9200AF495F /* NSDictionary_JSONExtensions.m */ = {isa = PBXFileReference; fileEncoding = 4; lastKnownFileType = sourcecode.c.objc; path = NSDictionary_JSONExtensions.m; sourceTree = "<group>"; };
		4A1852E81BE9100A00AF495F /* XPModel.h */ = {isa = PBXFileReference; fileEncoding = 4; lastKnownFileType = sourcecode.c.h; path = XPModel.h; sourceTree = "<group>"; };
		4A1852E91BE9100A00AF495F /* XPModel.m */ = {isa = PBXFileReference; fileEncoding = 4; lastKnownFileType = sourcecode.c.objc; path = XPModel.m; sourceTree = "<group>"; };
		4A1852EB1BE9151700AF495F /* AFNetworkReachabilityManager.h */ = {isa = PBXFileReference; fileEncoding = 4; lastKnownFileType = sourcecode.c.h; path = AFNetworkReachabilityManager.h; sourceTree = "<group>"; };
		4A1852EC1BE9151700AF495F /* AFNetworkReachabilityManager.m */ = {isa = PBXFileReference; fileEncoding = 4; lastKnownFileType = sourcecode.c.objc; path = AFNetworkReachabilityManager.m; sourceTree = "<group>"; };
		4A1852EE1BE9173E00AF495F /* Cafe.h */ = {isa = PBXFileReference; fileEncoding = 4; lastKnownFileType = sourcecode.c.h; path = Cafe.h; sourceTree = "<group>"; };
		4A1852EF1BE9173E00AF495F /* Cafe.m */ = {isa = PBXFileReference; fileEncoding = 4; lastKnownFileType = sourcecode.c.objc; path = Cafe.m; sourceTree = "<group>"; };
		4A1852F31BE9289900AF495F /* PlaceCell.h */ = {isa = PBXFileReference; fileEncoding = 4; lastKnownFileType = sourcecode.c.h; path = PlaceCell.h; sourceTree = "<group>"; };
		4A1852F41BE9289900AF495F /* PlaceCell.m */ = {isa = PBXFileReference; fileEncoding = 4; lastKnownFileType = sourcecode.c.objc; path = PlaceCell.m; sourceTree = "<group>"; };
		4A1852F51BE9289900AF495F /* PlaceCell.xib */ = {isa = PBXFileReference; fileEncoding = 4; lastKnownFileType = file.xib; path = PlaceCell.xib; sourceTree = "<group>"; };
		4AA91B3A1C0386F1001F31BD /* CreateReservationRequest.h */ = {isa = PBXFileReference; fileEncoding = 4; lastKnownFileType = sourcecode.c.h; path = CreateReservationRequest.h; sourceTree = "<group>"; };
		4AA91B3B1C0386F1001F31BD /* CreateReservationRequest.m */ = {isa = PBXFileReference; fileEncoding = 4; lastKnownFileType = sourcecode.c.objc; path = CreateReservationRequest.m; sourceTree = "<group>"; };
		4ABFCF281BEF9DCC00987B79 /* CafeReviewButton.h */ = {isa = PBXFileReference; fileEncoding = 4; lastKnownFileType = sourcecode.c.h; path = CafeReviewButton.h; sourceTree = "<group>"; };
		4ABFCF291BEF9DCC00987B79 /* CafeReviewButton.m */ = {isa = PBXFileReference; fileEncoding = 4; lastKnownFileType = sourcecode.c.objc; path = CafeReviewButton.m; sourceTree = "<group>"; };
		4ABFCF2F1BF2496E00987B79 /* TablesParser.h */ = {isa = PBXFileReference; fileEncoding = 4; lastKnownFileType = sourcecode.c.h; path = TablesParser.h; sourceTree = "<group>"; };
		4ABFCF301BF2496E00987B79 /* TablesParser.m */ = {isa = PBXFileReference; fileEncoding = 4; lastKnownFileType = sourcecode.c.objc; path = TablesParser.m; sourceTree = "<group>"; };
		4ABFCF321BF24FC800987B79 /* Table.h */ = {isa = PBXFileReference; fileEncoding = 4; lastKnownFileType = sourcecode.c.h; path = Table.h; sourceTree = "<group>"; };
		4ABFCF331BF24FC800987B79 /* Table.m */ = {isa = PBXFileReference; fileEncoding = 4; lastKnownFileType = sourcecode.c.objc; path = Table.m; sourceTree = "<group>"; };
		4ABFCF351BF250A300987B79 /* SetReviewParser.h */ = {isa = PBXFileReference; fileEncoding = 4; lastKnownFileType = sourcecode.c.h; path = SetReviewParser.h; sourceTree = "<group>"; };
		4ABFCF361BF250A300987B79 /* SetReviewParser.m */ = {isa = PBXFileReference; fileEncoding = 4; lastKnownFileType = sourcecode.c.objc; path = SetReviewParser.m; sourceTree = "<group>"; };
		4AE8AE341C0C4811006BB91F /* CheckReservationParser.h */ = {isa = PBXFileReference; fileEncoding = 4; lastKnownFileType = sourcecode.c.h; path = CheckReservationParser.h; sourceTree = "<group>"; };
		4AE8AE351C0C4811006BB91F /* CheckReservationParser.m */ = {isa = PBXFileReference; fileEncoding = 4; lastKnownFileType = sourcecode.c.objc; path = CheckReservationParser.m; sourceTree = "<group>"; };
		4AE8AE371C0C4C45006BB91F /* ReservationCheck.h */ = {isa = PBXFileReference; fileEncoding = 4; lastKnownFileType = sourcecode.c.h; path = ReservationCheck.h; sourceTree = "<group>"; };
		4AE8AE381C0C4C45006BB91F /* ReservationCheck.m */ = {isa = PBXFileReference; fileEncoding = 4; lastKnownFileType = sourcecode.c.objc; path = ReservationCheck.m; sourceTree = "<group>"; };
		4AE8AE3A1C0C4E70006BB91F /* CheckTableCodeParser.h */ = {isa = PBXFileReference; fileEncoding = 4; lastKnownFileType = sourcecode.c.h; path = CheckTableCodeParser.h; sourceTree = "<group>"; };
		4AE8AE3B1C0C4E70006BB91F /* CheckTableCodeParser.m */ = {isa = PBXFileReference; fileEncoding = 4; lastKnownFileType = sourcecode.c.objc; path = CheckTableCodeParser.m; sourceTree = "<group>"; };
		4AE8AE3D1C0C558C006BB91F /* TableAccess.h */ = {isa = PBXFileReference; fileEncoding = 4; lastKnownFileType = sourcecode.c.h; path = TableAccess.h; sourceTree = "<group>"; };
		4AE8AE3E1C0C558C006BB91F /* TableAccess.m */ = {isa = PBXFileReference; fileEncoding = 4; lastKnownFileType = sourcecode.c.objc; path = TableAccess.m; sourceTree = "<group>"; };
		4AE8AE401C0C61D4006BB91F /* CallWaitressParser.h */ = {isa = PBXFileReference; fileEncoding = 4; lastKnownFileType = sourcecode.c.h; path = CallWaitressParser.h; sourceTree = "<group>"; };
		4AE8AE411C0C61D4006BB91F /* CallWaitressParser.m */ = {isa = PBXFileReference; fileEncoding = 4; lastKnownFileType = sourcecode.c.objc; path = CallWaitressParser.m; sourceTree = "<group>"; };
		4AE8AE431C0C647C006BB91F /* CategoryFoodsParser.h */ = {isa = PBXFileReference; fileEncoding = 4; lastKnownFileType = sourcecode.c.h; path = CategoryFoodsParser.h; sourceTree = "<group>"; };
		4AE8AE441C0C647C006BB91F /* CategoryFoodsParser.m */ = {isa = PBXFileReference; fileEncoding = 4; lastKnownFileType = sourcecode.c.objc; path = CategoryFoodsParser.m; sourceTree = "<group>"; };
		4AE8AE461C0C6534006BB91F /* CategoryModel.h */ = {isa = PBXFileReference; fileEncoding = 4; lastKnownFileType = sourcecode.c.h; path = CategoryModel.h; sourceTree = "<group>"; };
		4AE8AE471C0C6534006BB91F /* CategoryModel.m */ = {isa = PBXFileReference; fileEncoding = 4; lastKnownFileType = sourcecode.c.objc; path = CategoryModel.m; sourceTree = "<group>"; };
		4AE8AE481C0C6534006BB91F /* FoodModel.h */ = {isa = PBXFileReference; fileEncoding = 4; lastKnownFileType = sourcecode.c.h; path = FoodModel.h; sourceTree = "<group>"; };
		4AE8AE491C0C6534006BB91F /* FoodModel.m */ = {isa = PBXFileReference; fileEncoding = 4; lastKnownFileType = sourcecode.c.objc; path = FoodModel.m; sourceTree = "<group>"; };
		BD4E11271C48581500C71DD4 /* XPUtils.h */ = {isa = PBXFileReference; fileEncoding = 4; lastKnownFileType = sourcecode.c.h; path = XPUtils.h; sourceTree = "<group>"; };
		BD4E11281C48581500C71DD4 /* XPUtils.m */ = {isa = PBXFileReference; fileEncoding = 4; lastKnownFileType = sourcecode.c.objc; path = XPUtils.m; sourceTree = "<group>"; };
		BD4E11311C48613D00C71DD4 /* ReviewVC.h */ = {isa = PBXFileReference; fileEncoding = 4; lastKnownFileType = sourcecode.c.h; path = ReviewVC.h; sourceTree = "<group>"; };
		BD4E11321C48613D00C71DD4 /* ReviewVC.m */ = {isa = PBXFileReference; fileEncoding = 4; lastKnownFileType = sourcecode.c.objc; path = ReviewVC.m; sourceTree = "<group>"; };
		BD4E11331C48613D00C71DD4 /* ReviewVC.xib */ = {isa = PBXFileReference; fileEncoding = 4; lastKnownFileType = file.xib; path = ReviewVC.xib; sourceTree = "<group>"; };
		BD4E11361C48655700C71DD4 /* HistoryVC.h */ = {isa = PBXFileReference; fileEncoding = 4; lastKnownFileType = sourcecode.c.h; path = HistoryVC.h; sourceTree = "<group>"; };
		BD4E11371C48655700C71DD4 /* HistoryVC.m */ = {isa = PBXFileReference; fileEncoding = 4; lastKnownFileType = sourcecode.c.objc; path = HistoryVC.m; sourceTree = "<group>"; };
		BD4E11381C48655700C71DD4 /* HistoryVC.xib */ = {isa = PBXFileReference; fileEncoding = 4; lastKnownFileType = file.xib; path = HistoryVC.xib; sourceTree = "<group>"; };
		BD4E113B1C48661200C71DD4 /* ReserveTableVC.h */ = {isa = PBXFileReference; fileEncoding = 4; lastKnownFileType = sourcecode.c.h; path = ReserveTableVC.h; sourceTree = "<group>"; };
		BD4E113C1C48661200C71DD4 /* ReserveTableVC.m */ = {isa = PBXFileReference; fileEncoding = 4; lastKnownFileType = sourcecode.c.objc; path = ReserveTableVC.m; sourceTree = "<group>"; };
		BD4E113D1C48661200C71DD4 /* ReserveTableVC.xib */ = {isa = PBXFileReference; fileEncoding = 4; lastKnownFileType = file.xib; path = ReserveTableVC.xib; sourceTree = "<group>"; };
		BD8242F81C44574F00444831 /* TableReservedPopUp.h */ = {isa = PBXFileReference; fileEncoding = 4; lastKnownFileType = sourcecode.c.h; path = TableReservedPopUp.h; sourceTree = "<group>"; };
		BD8242F91C44574F00444831 /* TableReservedPopUp.m */ = {isa = PBXFileReference; fileEncoding = 4; lastKnownFileType = sourcecode.c.objc; path = TableReservedPopUp.m; sourceTree = "<group>"; };
		BD8242FA1C44574F00444831 /* TableReservedPopUp.xib */ = {isa = PBXFileReference; fileEncoding = 4; lastKnownFileType = file.xib; path = TableReservedPopUp.xib; sourceTree = "<group>"; };
		BD8242FB1C44574F00444831 /* TableSelectionVC.h */ = {isa = PBXFileReference; fileEncoding = 4; lastKnownFileType = sourcecode.c.h; path = TableSelectionVC.h; sourceTree = "<group>"; };
		BD8242FC1C44574F00444831 /* TableSelectionVC.m */ = {isa = PBXFileReference; fileEncoding = 4; lastKnownFileType = sourcecode.c.objc; path = TableSelectionVC.m; sourceTree = "<group>"; };
		BD8243001C4457B900444831 /* TableSelectionVC.xib */ = {isa = PBXFileReference; fileEncoding = 4; lastKnownFileType = file.xib; path = TableSelectionVC.xib; sourceTree = "<group>"; };
		BD8243021C4461E200444831 /* TableMakeReservationPopUp.h */ = {isa = PBXFileReference; fileEncoding = 4; lastKnownFileType = sourcecode.c.h; path = TableMakeReservationPopUp.h; sourceTree = "<group>"; };
		BD8243031C4461E200444831 /* TableMakeReservationPopUp.m */ = {isa = PBXFileReference; fileEncoding = 4; lastKnownFileType = sourcecode.c.objc; path = TableMakeReservationPopUp.m; sourceTree = "<group>"; };
		BD8243051C4461F500444831 /* TableMakeReservationPopUp.xib */ = {isa = PBXFileReference; fileEncoding = 4; lastKnownFileType = file.xib; path = TableMakeReservationPopUp.xib; sourceTree = "<group>"; };
		BD8243081C4462A800444831 /* BaseViewController.h */ = {isa = PBXFileReference; fileEncoding = 4; lastKnownFileType = sourcecode.c.h; path = BaseViewController.h; sourceTree = "<group>"; };
		BD8243091C4462A800444831 /* BaseViewController.m */ = {isa = PBXFileReference; fileEncoding = 4; lastKnownFileType = sourcecode.c.objc; path = BaseViewController.m; sourceTree = "<group>"; };
		BD82430B1C4462CC00444831 /* BasePopUp.h */ = {isa = PBXFileReference; fileEncoding = 4; lastKnownFileType = sourcecode.c.h; path = BasePopUp.h; sourceTree = "<group>"; };
		BD82430C1C4462CC00444831 /* BasePopUp.m */ = {isa = PBXFileReference; fileEncoding = 4; lastKnownFileType = sourcecode.c.objc; path = BasePopUp.m; sourceTree = "<group>"; };
		BD82430F1C44663300444831 /* TableSelectionCell.h */ = {isa = PBXFileReference; fileEncoding = 4; lastKnownFileType = sourcecode.c.h; path = TableSelectionCell.h; sourceTree = "<group>"; };
		BD8243101C44663300444831 /* TableSelectionCell.m */ = {isa = PBXFileReference; fileEncoding = 4; lastKnownFileType = sourcecode.c.objc; path = TableSelectionCell.m; sourceTree = "<group>"; };
		BD8243111C44663300444831 /* TableSelectionCell.xib */ = {isa = PBXFileReference; fileEncoding = 4; lastKnownFileType = file.xib; path = TableSelectionCell.xib; sourceTree = "<group>"; };
		BD8243151C44665F00444831 /* ProductCell.h */ = {isa = PBXFileReference; fileEncoding = 4; lastKnownFileType = sourcecode.c.h; path = ProductCell.h; sourceTree = "<group>"; };
		BD8243161C44665F00444831 /* ProductCell.m */ = {isa = PBXFileReference; fileEncoding = 4; lastKnownFileType = sourcecode.c.objc; path = ProductCell.m; sourceTree = "<group>"; };
		BD8243171C44665F00444831 /* ProductCell.xib */ = {isa = PBXFileReference; fileEncoding = 4; lastKnownFileType = file.xib; path = ProductCell.xib; sourceTree = "<group>"; };
		BD8243181C44665F00444831 /* ProductGroupCell.h */ = {isa = PBXFileReference; fileEncoding = 4; lastKnownFileType = sourcecode.c.h; path = ProductGroupCell.h; sourceTree = "<group>"; };
		BD8243191C44665F00444831 /* ProductGroupCell.m */ = {isa = PBXFileReference; fileEncoding = 4; lastKnownFileType = sourcecode.c.objc; path = ProductGroupCell.m; sourceTree = "<group>"; };
		BD82431A1C44665F00444831 /* ProductGroupCell.xib */ = {isa = PBXFileReference; fileEncoding = 4; lastKnownFileType = file.xib; path = ProductGroupCell.xib; sourceTree = "<group>"; };
		BD82431F1C4466AB00444831 /* LogoCenterCell.h */ = {isa = PBXFileReference; fileEncoding = 4; lastKnownFileType = sourcecode.c.h; path = LogoCenterCell.h; sourceTree = "<group>"; };
		BD8243201C4466AB00444831 /* LogoCenterCell.m */ = {isa = PBXFileReference; fileEncoding = 4; lastKnownFileType = sourcecode.c.objc; path = LogoCenterCell.m; sourceTree = "<group>"; };
		BD8243211C4466AB00444831 /* LogoCenterCell.xib */ = {isa = PBXFileReference; fileEncoding = 4; lastKnownFileType = file.xib; path = LogoCenterCell.xib; sourceTree = "<group>"; };
		BD8243241C44678D00444831 /* ClientDetailCell.h */ = {isa = PBXFileReference; fileEncoding = 4; lastKnownFileType = sourcecode.c.h; path = ClientDetailCell.h; sourceTree = "<group>"; };
		BD8243251C44678D00444831 /* ClientDetailCell.m */ = {isa = PBXFileReference; fileEncoding = 4; lastKnownFileType = sourcecode.c.objc; path = ClientDetailCell.m; sourceTree = "<group>"; };
		BD8243261C44678D00444831 /* ClientDetailCell.xib */ = {isa = PBXFileReference; fileEncoding = 4; lastKnownFileType = file.xib; path = ClientDetailCell.xib; sourceTree = "<group>"; };
		BD8243291C44691A00444831 /* ReservationDateCell.h */ = {isa = PBXFileReference; fileEncoding = 4; lastKnownFileType = sourcecode.c.h; path = ReservationDateCell.h; sourceTree = "<group>"; };
		BD82432A1C44691A00444831 /* ReservationDateCell.m */ = {isa = PBXFileReference; fileEncoding = 4; lastKnownFileType = sourcecode.c.objc; path = ReservationDateCell.m; sourceTree = "<group>"; };
		BD82432B1C44691A00444831 /* ReservationDateCell.xib */ = {isa = PBXFileReference; fileEncoding = 4; lastKnownFileType = file.xib; path = ReservationDateCell.xib; sourceTree = "<group>"; };
		BD82432E1C446A9200444831 /* ReservationTimeCell.h */ = {isa = PBXFileReference; fileEncoding = 4; lastKnownFileType = sourcecode.c.h; path = ReservationTimeCell.h; sourceTree = "<group>"; };
		BD82432F1C446A9200444831 /* ReservationTimeCell.m */ = {isa = PBXFileReference; fileEncoding = 4; lastKnownFileType = sourcecode.c.objc; path = ReservationTimeCell.m; sourceTree = "<group>"; };
		BD8243301C446A9200444831 /* ReservationTimeCell.xib */ = {isa = PBXFileReference; fileEncoding = 4; lastKnownFileType = file.xib; path = ReservationTimeCell.xib; sourceTree = "<group>"; };
		BDA2E75B1C0BCAF000C5664F /* Macros.h */ = {isa = PBXFileReference; lastKnownFileType = sourcecode.c.h; path = Macros.h; sourceTree = "<group>"; };
		BDC951931BFF27080050D80C /* ProductSelectionVC.h */ = {isa = PBXFileReference; fileEncoding = 4; lastKnownFileType = sourcecode.c.h; path = ProductSelectionVC.h; sourceTree = "<group>"; };
		BDC951941BFF27080050D80C /* ProductSelectionVC.m */ = {isa = PBXFileReference; fileEncoding = 4; lastKnownFileType = sourcecode.c.objc; path = ProductSelectionVC.m; sourceTree = "<group>"; };
		BDC951951BFF27080050D80C /* ProductSelectionVC.xib */ = {isa = PBXFileReference; fileEncoding = 4; lastKnownFileType = file.xib; path = ProductSelectionVC.xib; sourceTree = "<group>"; };
		BDE2FC271BFA62EE007C9354 /* TableViewDetailVC.h */ = {isa = PBXFileReference; fileEncoding = 4; lastKnownFileType = sourcecode.c.h; path = TableViewDetailVC.h; sourceTree = "<group>"; };
		BDE2FC281BFA62EE007C9354 /* TableViewDetailVC.m */ = {isa = PBXFileReference; fileEncoding = 4; lastKnownFileType = sourcecode.c.objc; path = TableViewDetailVC.m; sourceTree = "<group>"; };
		BDE2FC291BFA62EE007C9354 /* TableViewDetailVC.xib */ = {isa = PBXFileReference; fileEncoding = 4; lastKnownFileType = file.xib; path = TableViewDetailVC.xib; sourceTree = "<group>"; };
		BDE2FC331BFA7845007C9354 /* DWBubbleMenuButton.h */ = {isa = PBXFileReference; fileEncoding = 4; lastKnownFileType = sourcecode.c.h; path = DWBubbleMenuButton.h; sourceTree = "<group>"; };
		BDE2FC341BFA7845007C9354 /* DWBubbleMenuButton.m */ = {isa = PBXFileReference; fileEncoding = 4; lastKnownFileType = sourcecode.c.objc; path = DWBubbleMenuButton.m; sourceTree = "<group>"; };
/* End PBXFileReference section */

/* Begin PBXFrameworksBuildPhase section */
		4A1852131BE7CD0D00AF495F /* Frameworks */ = {
			isa = PBXFrameworksBuildPhase;
			buildActionMask = 2147483647;
			files = (
			);
			runOnlyForDeploymentPostprocessing = 0;
		};
/* End PBXFrameworksBuildPhase section */

/* Begin PBXGroup section */
		4A18520D1BE7CD0D00AF495F = {
			isa = PBXGroup;
			children = (
				4A1852181BE7CD0D00AF495F /* Xpress Order */,
				4A1852171BE7CD0D00AF495F /* Products */,
			);
			sourceTree = "<group>";
		};
		4A1852171BE7CD0D00AF495F /* Products */ = {
			isa = PBXGroup;
			children = (
				4A1852161BE7CD0D00AF495F /* Xpress Order.app */,
			);
			name = Products;
			sourceTree = "<group>";
		};
		4A1852181BE7CD0D00AF495F /* Xpress Order */ = {
			isa = PBXGroup;
			children = (
				4A18521C1BE7CD0D00AF495F /* AppDelegate.h */,
				4A18521D1BE7CD0D00AF495F /* AppDelegate.m */,
				4A1852251BE7CD0D00AF495F /* Main.storyboard */,
				4A1852281BE7CD0D00AF495F /* Assets.xcassets */,
				4A18522A1BE7CD0D00AF495F /* LaunchScreen.storyboard */,
				4A18522D1BE7CD0D00AF495F /* Info.plist */,
				4A1852341BE7CF0700AF495F /* 3rd Party */,
				4A1852351BE7CF0700AF495F /* Model */,
				4A1852361BE7CF0700AF495F /* Networking */,
				BD04F4201BF11DC70029338D /* ViewControllers */,
				4A1852381BE7CF0700AF495F /* Views */,
				4A1852191BE7CD0D00AF495F /* Supporting Files */,
				BDA2E75B1C0BCAF000C5664F /* Macros.h */,
			);
			path = "Xpress Order";
			sourceTree = "<group>";
		};
		4A1852191BE7CD0D00AF495F /* Supporting Files */ = {
			isa = PBXGroup;
			children = (
				4A18521A1BE7CD0D00AF495F /* main.m */,
				4A1852331BE7CD7000AF495F /* PrefixHeader.pch */,
			);
			name = "Supporting Files";
			sourceTree = "<group>";
		};
		4A1852341BE7CF0700AF495F /* 3rd Party */ = {
			isa = PBXGroup;
			children = (
				BDE2FC321BFA7845007C9354 /* AAShareBubbles */,
				4A18523C1BE7CFBF00AF495F /* AFNetworking */,
				4A1852521BE7CFBF00AF495F /* HCSStarRatingView */,
				4A18526F1BE7D14600AF495F /* JSON */,
				4A1852551BE7CFBF00AF495F /* MBProgressHUD */,
			);
			path = "3rd Party";
			sourceTree = "<group>";
		};
		4A1852351BE7CF0700AF495F /* Model */ = {
			isa = PBXGroup;
			children = (
				4A1852E81BE9100A00AF495F /* XPModel.h */,
				4A1852E91BE9100A00AF495F /* XPModel.m */,
				BD4E11271C48581500C71DD4 /* XPUtils.h */,
				BD4E11281C48581500C71DD4 /* XPUtils.m */,
				4A1852EE1BE9173E00AF495F /* Cafe.h */,
				4A1852EF1BE9173E00AF495F /* Cafe.m */,
				4ABFCF321BF24FC800987B79 /* Table.h */,
				4ABFCF331BF24FC800987B79 /* Table.m */,
				4AA91B3A1C0386F1001F31BD /* CreateReservationRequest.h */,
				4AA91B3B1C0386F1001F31BD /* CreateReservationRequest.m */,
				4AE8AE371C0C4C45006BB91F /* ReservationCheck.h */,
				4AE8AE381C0C4C45006BB91F /* ReservationCheck.m */,
				4AE8AE3D1C0C558C006BB91F /* TableAccess.h */,
				4AE8AE3E1C0C558C006BB91F /* TableAccess.m */,
				4AE8AE461C0C6534006BB91F /* CategoryModel.h */,
				4AE8AE471C0C6534006BB91F /* CategoryModel.m */,
				4AE8AE481C0C6534006BB91F /* FoodModel.h */,
				4AE8AE491C0C6534006BB91F /* FoodModel.m */,
			);
			path = Model;
			sourceTree = "<group>";
		};
		4A1852361BE7CF0700AF495F /* Networking */ = {
			isa = PBXGroup;
			children = (
				4A1852CF1BE7DA8600AF495F /* MainNetworkingDataSource.h */,
				4A1852D01BE7DA8600AF495F /* MainNetworkingDataSource.m */,
				4A1852D11BE7DA8600AF495F /* PlaceListParser.h */,
				4A1852D21BE7DA8600AF495F /* PlaceListParser.m */,
				4ABFCF2F1BF2496E00987B79 /* TablesParser.h */,
				4ABFCF301BF2496E00987B79 /* TablesParser.m */,
				4ABFCF351BF250A300987B79 /* SetReviewParser.h */,
				4ABFCF361BF250A300987B79 /* SetReviewParser.m */,
				4AE8AE341C0C4811006BB91F /* CheckReservationParser.h */,
				4AE8AE351C0C4811006BB91F /* CheckReservationParser.m */,
				4AE8AE3A1C0C4E70006BB91F /* CheckTableCodeParser.h */,
				4AE8AE3B1C0C4E70006BB91F /* CheckTableCodeParser.m */,
				4A07C6781C0C8843003E0FB9 /* CompareTableCodeParser.h */,
				4A07C6791C0C8843003E0FB9 /* CompareTableCodeParser.m */,
				4AE8AE401C0C61D4006BB91F /* CallWaitressParser.h */,
				4AE8AE411C0C61D4006BB91F /* CallWaitressParser.m */,
				4AE8AE431C0C647C006BB91F /* CategoryFoodsParser.h */,
				4AE8AE441C0C647C006BB91F /* CategoryFoodsParser.m */,
				4A07C6721C0C7FE5003E0FB9 /* MyFoodsParser.h */,
				4A07C6731C0C7FE5003E0FB9 /* MyFoodsParser.m */,
				4A07C6751C0C822C003E0FB9 /* TakeTableParser.h */,
				4A07C6761C0C822C003E0FB9 /* TakeTableParser.m */,
				4A07C67B1C0C8CC5003E0FB9 /* AddToOrderParser.h */,
				4A07C67C1C0C8CC5003E0FB9 /* AddToOrderParser.m */,
			);
			path = Networking;
			sourceTree = "<group>";
		};
		4A1852381BE7CF0700AF495F /* Views */ = {
			isa = PBXGroup;
			children = (
				4ABFCF271BEF9D9C00987B79 /* CafeReviewButton */,
				4A1852F11BE9289900AF495F /* TableViewCells */,
			);
			path = Views;
			sourceTree = "<group>";
		};
		4A18523C1BE7CFBF00AF495F /* AFNetworking */ = {
			isa = PBXGroup;
			children = (
				4A1852EB1BE9151700AF495F /* AFNetworkReachabilityManager.h */,
				4A1852EC1BE9151700AF495F /* AFNetworkReachabilityManager.m */,
				4A1852AF1BE7DA2E00AF495F /* AFHTTPClient.h */,
				4A1852B01BE7DA2E00AF495F /* AFHTTPClient.m */,
				4A1852B11BE7DA2E00AF495F /* AFHTTPRequestOperation.h */,
				4A1852B21BE7DA2E00AF495F /* AFHTTPRequestOperation.m */,
				4A1852B31BE7DA2E00AF495F /* AFImageRequestOperation.h */,
				4A1852B41BE7DA2E00AF495F /* AFImageRequestOperation.m */,
				4A1852B51BE7DA2E00AF495F /* AFJSONRequestOperation.h */,
				4A1852B61BE7DA2E00AF495F /* AFJSONRequestOperation.m */,
				4A1852B71BE7DA2E00AF495F /* AFNetworkActivityIndicatorManager.h */,
				4A1852B81BE7DA2E00AF495F /* AFNetworkActivityIndicatorManager.m */,
				4A1852B91BE7DA2E00AF495F /* AFNetworking.h */,
				4A1852BA1BE7DA2E00AF495F /* AFPropertyListRequestOperation.h */,
				4A1852BB1BE7DA2E00AF495F /* AFPropertyListRequestOperation.m */,
				4A1852BC1BE7DA2E00AF495F /* AFURLConnectionOperation.h */,
				4A1852BD1BE7DA2E00AF495F /* AFURLConnectionOperation.m */,
				4A1852BE1BE7DA2E00AF495F /* AFXMLRequestOperation.h */,
				4A1852BF1BE7DA2E00AF495F /* AFXMLRequestOperation.m */,
				4A1852C01BE7DA2E00AF495F /* LAbstractAFDataSource.h */,
				4A1852C11BE7DA2E00AF495F /* LAbstractAFDataSource.m */,
				4A1852C21BE7DA2E00AF495F /* LParserInterface.h */,
				4A1852C31BE7DA2E00AF495F /* UIImageView+AFNetworking.h */,
				4A1852C41BE7DA2E00AF495F /* UIImageView+AFNetworking.m */,
			);
			path = AFNetworking;
			sourceTree = "<group>";
		};
		4A1852521BE7CFBF00AF495F /* HCSStarRatingView */ = {
			isa = PBXGroup;
			children = (
				4A1852531BE7CFBF00AF495F /* HCSStarRatingView.h */,
				4A1852541BE7CFBF00AF495F /* HCSStarRatingView.m */,
			);
			path = HCSStarRatingView;
			sourceTree = "<group>";
		};
		4A1852551BE7CFBF00AF495F /* MBProgressHUD */ = {
			isa = PBXGroup;
			children = (
				4A1852561BE7CFBF00AF495F /* MBProgressHUD.h */,
				4A1852571BE7CFBF00AF495F /* MBProgressHUD.m */,
			);
			path = MBProgressHUD;
			sourceTree = "<group>";
		};
		4A18526F1BE7D14600AF495F /* JSON */ = {
			isa = PBXGroup;
			children = (
				4A1852D51BE7DA9200AF495F /* CDataScanner_Extensions.h */,
				4A1852D61BE7DA9200AF495F /* CDataScanner_Extensions.m */,
				4A1852D71BE7DA9200AF495F /* CDataScanner.h */,
				4A1852D81BE7DA9200AF495F /* CDataScanner.m */,
				4A1852D91BE7DA9200AF495F /* CJSONDeserializer.h */,
				4A1852DA1BE7DA9200AF495F /* CJSONDeserializer.m */,
				4A1852DB1BE7DA9200AF495F /* CJSONScanner.h */,
				4A1852DC1BE7DA9200AF495F /* CJSONScanner.m */,
				4A1852DD1BE7DA9200AF495F /* CJSONSerializer.h */,
				4A1852DE1BE7DA9200AF495F /* CJSONSerializer.m */,
				4A1852DF1BE7DA9200AF495F /* JSONRepresentation.h */,
				4A1852E01BE7DA9200AF495F /* NSDictionary_JSONExtensions.h */,
				4A1852E11BE7DA9200AF495F /* NSDictionary_JSONExtensions.m */,
			);
			path = JSON;
			sourceTree = "<group>";
		};
		4A1852F11BE9289900AF495F /* TableViewCells */ = {
			isa = PBXGroup;
			children = (
				BD8243141C44665F00444831 /* ProductSelection */,
				BD82430E1C44663300444831 /* TableSelection */,
				4A1852F21BE9289900AF495F /* PlaceCell */,
			);
			path = TableViewCells;
			sourceTree = "<group>";
		};
		4A1852F21BE9289900AF495F /* PlaceCell */ = {
			isa = PBXGroup;
			children = (
				4A1852F31BE9289900AF495F /* PlaceCell.h */,
				4A1852F41BE9289900AF495F /* PlaceCell.m */,
				4A1852F51BE9289900AF495F /* PlaceCell.xib */,
			);
			path = PlaceCell;
			sourceTree = "<group>";
		};
		4ABFCF271BEF9D9C00987B79 /* CafeReviewButton */ = {
			isa = PBXGroup;
			children = (
				4ABFCF281BEF9DCC00987B79 /* CafeReviewButton.h */,
				4ABFCF291BEF9DCC00987B79 /* CafeReviewButton.m */,
			);
			name = CafeReviewButton;
			sourceTree = "<group>";
		};
		BD04F4201BF11DC70029338D /* ViewControllers */ = {
			isa = PBXGroup;
			children = (
				BD4E11301C48613D00C71DD4 /* HelperVC */,
				BD4E112F1C48611500C71DD4 /* HelperVC */,
				BD8243071C4462A800444831 /* BaseVC */,
				BD8242F71C44574F00444831 /* TableSelection */,
				4A18521F1BE7CD0D00AF495F /* PlacesVC.h */,
				4A1852201BE7CD0D00AF495F /* PlacesVC.m */,
				BDE2FC271BFA62EE007C9354 /* TableViewDetailVC.h */,
				BDE2FC281BFA62EE007C9354 /* TableViewDetailVC.m */,
				BDE2FC291BFA62EE007C9354 /* TableViewDetailVC.xib */,
				BDC951931BFF27080050D80C /* ProductSelectionVC.h */,
				BDC951941BFF27080050D80C /* ProductSelectionVC.m */,
				BDC951951BFF27080050D80C /* ProductSelectionVC.xib */,
			);
			path = ViewControllers;
			sourceTree = "<group>";
		};
		BD4E112F1C48611500C71DD4 /* HelperVC */ = {
			isa = PBXGroup;
			children = (
			);
			name = HelperVC;
			sourceTree = "<group>";
		};
		BD4E11301C48613D00C71DD4 /* HelperVC */ = {
			isa = PBXGroup;
			children = (
				BD4E11311C48613D00C71DD4 /* ReviewVC.h */,
				BD4E11321C48613D00C71DD4 /* ReviewVC.m */,
				BD4E11331C48613D00C71DD4 /* ReviewVC.xib */,
				BD4E11361C48655700C71DD4 /* HistoryVC.h */,
				BD4E11371C48655700C71DD4 /* HistoryVC.m */,
				BD4E11381C48655700C71DD4 /* HistoryVC.xib */,
				BD4E113B1C48661200C71DD4 /* ReserveTableVC.h */,
				BD4E113C1C48661200C71DD4 /* ReserveTableVC.m */,
				BD4E113D1C48661200C71DD4 /* ReserveTableVC.xib */,
			);
			path = HelperVC;
			sourceTree = "<group>";
		};
		BD8242F71C44574F00444831 /* TableSelection */ = {
			isa = PBXGroup;
			children = (
				BD8242F81C44574F00444831 /* TableReservedPopUp.h */,
				BD8242F91C44574F00444831 /* TableReservedPopUp.m */,
				BD8242FA1C44574F00444831 /* TableReservedPopUp.xib */,
				BD8242FB1C44574F00444831 /* TableSelectionVC.h */,
				BD8242FC1C44574F00444831 /* TableSelectionVC.m */,
				BD8243001C4457B900444831 /* TableSelectionVC.xib */,
				BD8243021C4461E200444831 /* TableMakeReservationPopUp.h */,
				BD8243031C4461E200444831 /* TableMakeReservationPopUp.m */,
				BD8243051C4461F500444831 /* TableMakeReservationPopUp.xib */,
			);
			path = TableSelection;
			sourceTree = "<group>";
		};
		BD8243071C4462A800444831 /* BaseVC */ = {
			isa = PBXGroup;
			children = (
				BD8243081C4462A800444831 /* BaseViewController.h */,
				BD8243091C4462A800444831 /* BaseViewController.m */,
				BD82430B1C4462CC00444831 /* BasePopUp.h */,
				BD82430C1C4462CC00444831 /* BasePopUp.m */,
			);
			path = BaseVC;
			sourceTree = "<group>";
		};
		BD82430E1C44663300444831 /* TableSelection */ = {
			isa = PBXGroup;
			children = (
				BD82430F1C44663300444831 /* TableSelectionCell.h */,
				BD8243101C44663300444831 /* TableSelectionCell.m */,
				BD8243111C44663300444831 /* TableSelectionCell.xib */,
				BD82431F1C4466AB00444831 /* LogoCenterCell.h */,
				BD8243201C4466AB00444831 /* LogoCenterCell.m */,
				BD8243211C4466AB00444831 /* LogoCenterCell.xib */,
				BD8243241C44678D00444831 /* ClientDetailCell.h */,
				BD8243251C44678D00444831 /* ClientDetailCell.m */,
				BD8243261C44678D00444831 /* ClientDetailCell.xib */,
				BD8243291C44691A00444831 /* ReservationDateCell.h */,
				BD82432A1C44691A00444831 /* ReservationDateCell.m */,
				BD82432B1C44691A00444831 /* ReservationDateCell.xib */,
				BD82432E1C446A9200444831 /* ReservationTimeCell.h */,
				BD82432F1C446A9200444831 /* ReservationTimeCell.m */,
				BD8243301C446A9200444831 /* ReservationTimeCell.xib */,
			);
			path = TableSelection;
			sourceTree = "<group>";
		};
		BD8243141C44665F00444831 /* ProductSelection */ = {
			isa = PBXGroup;
			children = (
				BD8243151C44665F00444831 /* ProductCell.h */,
				BD8243161C44665F00444831 /* ProductCell.m */,
				BD8243171C44665F00444831 /* ProductCell.xib */,
				BD8243181C44665F00444831 /* ProductGroupCell.h */,
				BD8243191C44665F00444831 /* ProductGroupCell.m */,
				BD82431A1C44665F00444831 /* ProductGroupCell.xib */,
			);
			path = ProductSelection;
			sourceTree = "<group>";
		};
		BDE2FC321BFA7845007C9354 /* AAShareBubbles */ = {
			isa = PBXGroup;
			children = (
				BDE2FC331BFA7845007C9354 /* DWBubbleMenuButton.h */,
				BDE2FC341BFA7845007C9354 /* DWBubbleMenuButton.m */,
			);
			path = AAShareBubbles;
			sourceTree = "<group>";
		};
/* End PBXGroup section */

/* Begin PBXNativeTarget section */
		4A1852151BE7CD0D00AF495F /* Xpress Order */ = {
			isa = PBXNativeTarget;
			buildConfigurationList = 4A1852301BE7CD0D00AF495F /* Build configuration list for PBXNativeTarget "Xpress Order" */;
			buildPhases = (
				4A1852121BE7CD0D00AF495F /* Sources */,
				4A1852131BE7CD0D00AF495F /* Frameworks */,
				4A1852141BE7CD0D00AF495F /* Resources */,
			);
			buildRules = (
			);
			dependencies = (
			);
			name = "Xpress Order";
			productName = "Xpress Order";
			productReference = 4A1852161BE7CD0D00AF495F /* Xpress Order.app */;
			productType = "com.apple.product-type.application";
		};
/* End PBXNativeTarget section */

/* Begin PBXProject section */
		4A18520E1BE7CD0D00AF495F /* Project object */ = {
			isa = PBXProject;
			attributes = {
				LastUpgradeCheck = 0710;
				ORGANIZATIONNAME = "Adrian Cucerzan";
				TargetAttributes = {
					4A1852151BE7CD0D00AF495F = {
						CreatedOnToolsVersion = 7.1;
					};
				};
			};
			buildConfigurationList = 4A1852111BE7CD0D00AF495F /* Build configuration list for PBXProject "Xpress Order" */;
			compatibilityVersion = "Xcode 3.2";
			developmentRegion = English;
			hasScannedForEncodings = 0;
			knownRegions = (
				en,
				Base,
			);
			mainGroup = 4A18520D1BE7CD0D00AF495F;
			productRefGroup = 4A1852171BE7CD0D00AF495F /* Products */;
			projectDirPath = "";
			projectRoot = "";
			targets = (
				4A1852151BE7CD0D00AF495F /* Xpress Order */,
			);
		};
/* End PBXProject section */

/* Begin PBXResourcesBuildPhase section */
		4A1852141BE7CD0D00AF495F /* Resources */ = {
			isa = PBXResourcesBuildPhase;
			buildActionMask = 2147483647;
			files = (
				BD8243061C4461F500444831 /* TableMakeReservationPopUp.xib in Resources */,
				4A18522C1BE7CD0D00AF495F /* LaunchScreen.storyboard in Resources */,
				BD4E113F1C48661200C71DD4 /* ReserveTableVC.xib in Resources */,
				BD8242FE1C44574F00444831 /* TableReservedPopUp.xib in Resources */,
				BD4E113A1C48655700C71DD4 /* HistoryVC.xib in Resources */,
				BD8243231C4466AB00444831 /* LogoCenterCell.xib in Resources */,
				BD82432D1C44691A00444831 /* ReservationDateCell.xib in Resources */,
				BD82431E1C44665F00444831 /* ProductGroupCell.xib in Resources */,
				BD8243281C44678D00444831 /* ClientDetailCell.xib in Resources */,
				BDE2FC2B1BFA62EE007C9354 /* TableViewDetailVC.xib in Resources */,
				BD8243131C44663300444831 /* TableSelectionCell.xib in Resources */,
				BD8243321C446A9200444831 /* ReservationTimeCell.xib in Resources */,
				4A1852291BE7CD0D00AF495F /* Assets.xcassets in Resources */,
				BD82431C1C44665F00444831 /* ProductCell.xib in Resources */,
				4A1852271BE7CD0D00AF495F /* Main.storyboard in Resources */,
				BD4E11351C48613D00C71DD4 /* ReviewVC.xib in Resources */,
				4A1852F71BE9289900AF495F /* PlaceCell.xib in Resources */,
				BDC951971BFF27080050D80C /* ProductSelectionVC.xib in Resources */,
				BD8243011C4457B900444831 /* TableSelectionVC.xib in Resources */,
			);
			runOnlyForDeploymentPostprocessing = 0;
		};
/* End PBXResourcesBuildPhase section */

/* Begin PBXSourcesBuildPhase section */
		4A1852121BE7CD0D00AF495F /* Sources */ = {
			isa = PBXSourcesBuildPhase;
			buildActionMask = 2147483647;
			files = (
				4AE8AE421C0C61D4006BB91F /* CallWaitressParser.m in Sources */,
				4A1852CB1BE7DA2E00AF495F /* AFURLConnectionOperation.m in Sources */,
				4ABFCF311BF2496E00987B79 /* TablesParser.m in Sources */,
				4AA91B3C1C0386F1001F31BD /* CreateReservationRequest.m in Sources */,
				BDE2FC2A1BFA62EE007C9354 /* TableViewDetailVC.m in Sources */,
				BD8243271C44678D00444831 /* ClientDetailCell.m in Sources */,
				BD82430D1C4462CC00444831 /* BasePopUp.m in Sources */,
				4AE8AE4B1C0C6534006BB91F /* FoodModel.m in Sources */,
				4A1852D31BE7DA8600AF495F /* MainNetworkingDataSource.m in Sources */,
				BD82431D1C44665F00444831 /* ProductGroupCell.m in Sources */,
				4A1852CE1BE7DA2E00AF495F /* UIImageView+AFNetworking.m in Sources */,
				4A1852E61BE7DA9200AF495F /* CJSONSerializer.m in Sources */,
				4A1852CC1BE7DA2E00AF495F /* AFXMLRequestOperation.m in Sources */,
				BD8243121C44663300444831 /* TableSelectionCell.m in Sources */,
				BD8243221C4466AB00444831 /* LogoCenterCell.m in Sources */,
				BDC951961BFF27080050D80C /* ProductSelectionVC.m in Sources */,
				4AE8AE3C1C0C4E70006BB91F /* CheckTableCodeParser.m in Sources */,
				4A1852C81BE7DA2E00AF495F /* AFJSONRequestOperation.m in Sources */,
				4AE8AE3F1C0C558C006BB91F /* TableAccess.m in Sources */,
				BD4E11391C48655700C71DD4 /* HistoryVC.m in Sources */,
				4A07C6771C0C822C003E0FB9 /* TakeTableParser.m in Sources */,
				BD4E113E1C48661200C71DD4 /* ReserveTableVC.m in Sources */,
				BD4E11341C48613D00C71DD4 /* ReviewVC.m in Sources */,
				4A1852C61BE7DA2E00AF495F /* AFHTTPRequestOperation.m in Sources */,
				4A1852CD1BE7DA2E00AF495F /* LAbstractAFDataSource.m in Sources */,
				4A07C6741C0C7FE5003E0FB9 /* MyFoodsParser.m in Sources */,
				4A1852631BE7CFBF00AF495F /* HCSStarRatingView.m in Sources */,
				4A1852E31BE7DA9200AF495F /* CDataScanner.m in Sources */,
				BD8243311C446A9200444831 /* ReservationTimeCell.m in Sources */,
				BDE2FC351BFA7845007C9354 /* DWBubbleMenuButton.m in Sources */,
				4A1852E71BE7DA9200AF495F /* NSDictionary_JSONExtensions.m in Sources */,
				4A1852641BE7CFBF00AF495F /* MBProgressHUD.m in Sources */,
				4AE8AE4A1C0C6534006BB91F /* CategoryModel.m in Sources */,
				4A18521E1BE7CD0D00AF495F /* AppDelegate.m in Sources */,
				4A1852E51BE7DA9200AF495F /* CJSONScanner.m in Sources */,
				4AE8AE361C0C4811006BB91F /* CheckReservationParser.m in Sources */,
				4A1852ED1BE9151700AF495F /* AFNetworkReachabilityManager.m in Sources */,
				4A1852F61BE9289900AF495F /* PlaceCell.m in Sources */,
				4ABFCF2A1BEF9DCC00987B79 /* CafeReviewButton.m in Sources */,
				BD8242FF1C44574F00444831 /* TableSelectionVC.m in Sources */,
				4A1852211BE7CD0D00AF495F /* PlacesVC.m in Sources */,
				4A1852D41BE7DA8600AF495F /* PlaceListParser.m in Sources */,
				4A07C67D1C0C8CC5003E0FB9 /* AddToOrderParser.m in Sources */,
				4A1852C71BE7DA2E00AF495F /* AFImageRequestOperation.m in Sources */,
				4A07C67A1C0C8843003E0FB9 /* CompareTableCodeParser.m in Sources */,
				BD8243041C4461E200444831 /* TableMakeReservationPopUp.m in Sources */,
				4A1852E21BE7DA9200AF495F /* CDataScanner_Extensions.m in Sources */,
				4ABFCF341BF24FC800987B79 /* Table.m in Sources */,
				BD82431B1C44665F00444831 /* ProductCell.m in Sources */,
				4A1852C91BE7DA2E00AF495F /* AFNetworkActivityIndicatorManager.m in Sources */,
				4A18521B1BE7CD0D00AF495F /* main.m in Sources */,
				4ABFCF371BF250A300987B79 /* SetReviewParser.m in Sources */,
				BD4E11291C48581500C71DD4 /* XPUtils.m in Sources */,
				BD82432C1C44691A00444831 /* ReservationDateCell.m in Sources */,
				BD82430A1C4462A800444831 /* BaseViewController.m in Sources */,
				4AE8AE451C0C647C006BB91F /* CategoryFoodsParser.m in Sources */,
				4A1852E41BE7DA9200AF495F /* CJSONDeserializer.m in Sources */,
				4A1852EA1BE9100A00AF495F /* XPModel.m in Sources */,
				4A1852C51BE7DA2E00AF495F /* AFHTTPClient.m in Sources */,
				4A1852F01BE9173E00AF495F /* Cafe.m in Sources */,
				4A1852CA1BE7DA2E00AF495F /* AFPropertyListRequestOperation.m in Sources */,
				4AE8AE391C0C4C45006BB91F /* ReservationCheck.m in Sources */,
				BD8242FD1C44574F00444831 /* TableReservedPopUp.m in Sources */,
			);
			runOnlyForDeploymentPostprocessing = 0;
		};
/* End PBXSourcesBuildPhase section */

/* Begin PBXVariantGroup section */
		4A1852251BE7CD0D00AF495F /* Main.storyboard */ = {
			isa = PBXVariantGroup;
			children = (
				4A1852261BE7CD0D00AF495F /* Base */,
			);
			name = Main.storyboard;
			sourceTree = "<group>";
		};
		4A18522A1BE7CD0D00AF495F /* LaunchScreen.storyboard */ = {
			isa = PBXVariantGroup;
			children = (
				4A18522B1BE7CD0D00AF495F /* Base */,
			);
			name = LaunchScreen.storyboard;
			sourceTree = "<group>";
		};
/* End PBXVariantGroup section */

/* Begin XCBuildConfiguration section */
		4A18522E1BE7CD0D00AF495F /* Debug */ = {
			isa = XCBuildConfiguration;
			buildSettings = {
				ALWAYS_SEARCH_USER_PATHS = NO;
				CLANG_CXX_LANGUAGE_STANDARD = "gnu++0x";
				CLANG_CXX_LIBRARY = "libc++";
				CLANG_ENABLE_MODULES = YES;
				CLANG_ENABLE_OBJC_ARC = YES;
				CLANG_WARN_BOOL_CONVERSION = YES;
				CLANG_WARN_CONSTANT_CONVERSION = YES;
				CLANG_WARN_DIRECT_OBJC_ISA_USAGE = YES_ERROR;
				CLANG_WARN_EMPTY_BODY = YES;
				CLANG_WARN_ENUM_CONVERSION = YES;
				CLANG_WARN_INT_CONVERSION = YES;
				CLANG_WARN_OBJC_ROOT_CLASS = YES_ERROR;
				CLANG_WARN_UNREACHABLE_CODE = YES;
				CLANG_WARN__DUPLICATE_METHOD_MATCH = YES;
				"CODE_SIGN_IDENTITY[sdk=iphoneos*]" = "iPhone Developer";
				COPY_PHASE_STRIP = NO;
				DEBUG_INFORMATION_FORMAT = dwarf;
				ENABLE_STRICT_OBJC_MSGSEND = YES;
				ENABLE_TESTABILITY = YES;
				GCC_C_LANGUAGE_STANDARD = gnu99;
				GCC_DYNAMIC_NO_PIC = NO;
				GCC_NO_COMMON_BLOCKS = YES;
				GCC_OPTIMIZATION_LEVEL = 0;
				GCC_PREPROCESSOR_DEFINITIONS = (
					"DEBUG=1",
					"$(inherited)",
				);
				GCC_WARN_64_TO_32_BIT_CONVERSION = YES;
				GCC_WARN_ABOUT_RETURN_TYPE = YES_ERROR;
				GCC_WARN_UNDECLARED_SELECTOR = YES;
				GCC_WARN_UNINITIALIZED_AUTOS = YES_AGGRESSIVE;
				GCC_WARN_UNUSED_FUNCTION = YES;
				GCC_WARN_UNUSED_VARIABLE = YES;
				IPHONEOS_DEPLOYMENT_TARGET = 9.1;
				MTL_ENABLE_DEBUG_INFO = YES;
				ONLY_ACTIVE_ARCH = YES;
				SDKROOT = iphoneos;
			};
			name = Debug;
		};
		4A18522F1BE7CD0D00AF495F /* Release */ = {
			isa = XCBuildConfiguration;
			buildSettings = {
				ALWAYS_SEARCH_USER_PATHS = NO;
				CLANG_CXX_LANGUAGE_STANDARD = "gnu++0x";
				CLANG_CXX_LIBRARY = "libc++";
				CLANG_ENABLE_MODULES = YES;
				CLANG_ENABLE_OBJC_ARC = YES;
				CLANG_WARN_BOOL_CONVERSION = YES;
				CLANG_WARN_CONSTANT_CONVERSION = YES;
				CLANG_WARN_DIRECT_OBJC_ISA_USAGE = YES_ERROR;
				CLANG_WARN_EMPTY_BODY = YES;
				CLANG_WARN_ENUM_CONVERSION = YES;
				CLANG_WARN_INT_CONVERSION = YES;
				CLANG_WARN_OBJC_ROOT_CLASS = YES_ERROR;
				CLANG_WARN_UNREACHABLE_CODE = YES;
				CLANG_WARN__DUPLICATE_METHOD_MATCH = YES;
				"CODE_SIGN_IDENTITY[sdk=iphoneos*]" = "iPhone Developer";
				COPY_PHASE_STRIP = NO;
				DEBUG_INFORMATION_FORMAT = "dwarf-with-dsym";
				ENABLE_NS_ASSERTIONS = NO;
				ENABLE_STRICT_OBJC_MSGSEND = YES;
				GCC_C_LANGUAGE_STANDARD = gnu99;
				GCC_NO_COMMON_BLOCKS = YES;
				GCC_WARN_64_TO_32_BIT_CONVERSION = YES;
				GCC_WARN_ABOUT_RETURN_TYPE = YES_ERROR;
				GCC_WARN_UNDECLARED_SELECTOR = YES;
				GCC_WARN_UNINITIALIZED_AUTOS = YES_AGGRESSIVE;
				GCC_WARN_UNUSED_FUNCTION = YES;
				GCC_WARN_UNUSED_VARIABLE = YES;
				IPHONEOS_DEPLOYMENT_TARGET = 9.1;
				MTL_ENABLE_DEBUG_INFO = NO;
				SDKROOT = iphoneos;
				VALIDATE_PRODUCT = YES;
			};
			name = Release;
		};
		4A1852311BE7CD0D00AF495F /* Debug */ = {
			isa = XCBuildConfiguration;
			buildSettings = {
				ASSETCATALOG_COMPILER_APPICON_NAME = AppIcon;
				GCC_PREFIX_HEADER = "Xpress Order/PrefixHeader.pch";
				INFOPLIST_FILE = "Xpress Order/Info.plist";
				IPHONEOS_DEPLOYMENT_TARGET = 8.0;
				LD_RUNPATH_SEARCH_PATHS = "$(inherited) @executable_path/Frameworks";
				PRODUCT_BUNDLE_IDENTIFIER = "com.bca.Xpress-Order";
				PRODUCT_NAME = "$(TARGET_NAME)";
			};
			name = Debug;
		};
		4A1852321BE7CD0D00AF495F /* Release */ = {
			isa = XCBuildConfiguration;
			buildSettings = {
				ASSETCATALOG_COMPILER_APPICON_NAME = AppIcon;
				GCC_PREFIX_HEADER = "Xpress Order/PrefixHeader.pch";
				INFOPLIST_FILE = "Xpress Order/Info.plist";
				IPHONEOS_DEPLOYMENT_TARGET = 8.0;
				LD_RUNPATH_SEARCH_PATHS = "$(inherited) @executable_path/Frameworks";
				PRODUCT_BUNDLE_IDENTIFIER = "com.bca.Xpress-Order";
				PRODUCT_NAME = "$(TARGET_NAME)";
			};
			name = Release;
		};
/* End XCBuildConfiguration section */

/* Begin XCConfigurationList section */
		4A1852111BE7CD0D00AF495F /* Build configuration list for PBXProject "Xpress Order" */ = {
			isa = XCConfigurationList;
			buildConfigurations = (
				4A18522E1BE7CD0D00AF495F /* Debug */,
				4A18522F1BE7CD0D00AF495F /* Release */,
			);
			defaultConfigurationIsVisible = 0;
			defaultConfigurationName = Release;
		};
		4A1852301BE7CD0D00AF495F /* Build configuration list for PBXNativeTarget "Xpress Order" */ = {
			isa = XCConfigurationList;
			buildConfigurations = (
				4A1852311BE7CD0D00AF495F /* Debug */,
				4A1852321BE7CD0D00AF495F /* Release */,
			);
			defaultConfigurationIsVisible = 0;
			defaultConfigurationName = Release;
		};
/* End XCConfigurationList section */
	};
	rootObject = 4A18520E1BE7CD0D00AF495F /* Project object */;
}
